
Microsoft Visual Studio Solution File, Format Version 12.00
# Visual Studio 15
VisualStudioVersion = 15.0.28010.2046
MinimumVisualStudioVersion = 10.0.40219.1
Project("{FAE04EC0-301F-11D3-BF4B-00C04F79EFBC}") = "Notatnik_parser", "Notatnik_parser\Notatnik_parser.csproj", "{963921B3-C658-4946-AD9B-8E9B6F8858F0}"
EndProject
Global
	GlobalSection(SolutionConfigurationPlatforms) = preSolution
		Debug|Any CPU = Debug|Any CPU
		Release|Any CPU = Release|Any CPU
	EndGlobalSection
	GlobalSection(ProjectConfigurationPlatforms) = postSolution
		{963921B3-C658-4946-AD9B-8E9B6F8858F0}.Debug|Any CPU.ActiveCfg = Debug|Any CPU
		{963921B3-C658-4946-AD9B-8E9B6F8858F0}.Debug|Any CPU.Build.0 = Debug|Any CPU
		{963921B3-C658-4946-AD9B-8E9B6F8858F0}.Release|Any CPU.ActiveCfg = Release|Any CPU
		{963921B3-C658-4946-AD9B-8E9B6F8858F0}.Release|Any CPU.Build.0 = Release|Any CPU
	EndGlobalSection
	GlobalSection(SolutionProperties) = preSolution
		HideSolutionNode = FALSE
	EndGlobalSection
	GlobalSection(ExtensibilityGlobals) = postSolution
		SolutionGuid = {D29A3075-CD50-47AF-971C-99E77497A383}
	EndGlobalSection
EndGlobal
